
Microsoft Visual Studio Solution File, Format Version 11.00
# Visual Studio 2010
Project("{FAE04EC0-301F-11D3-BF4B-00C04F79EFBC}") = "croqueto2", "Assembly-CSharp-firstpass.csproj", "{49A00243-11E8-2D1C-63F5-EFCD8F510679}"
EndProject
Project("{FAE04EC0-301F-11D3-BF4B-00C04F79EFBC}") = "croqueto2", "Assembly-CSharp.csproj", "{C92D5338-D264-8513-C3D0-9D26EE11A6D6}"
EndProject
Project("{FAE04EC0-301F-11D3-BF4B-00C04F79EFBC}") = "croqueto2", "Assembly-CSharp-Editor-firstpass.csproj", "{7D4D7DC9-A01C-9DB3-56EF-4DC9264E22B0}"
EndProject
Global
	GlobalSection(SolutionConfigurationPlatforms) = preSolution
		Debug|Any CPU = Debug|Any CPU
		Release|Any CPU = Release|Any CPU
	EndGlobalSection
	GlobalSection(ProjectConfigurationPlatforms) = postSolution
		{49A00243-11E8-2D1C-63F5-EFCD8F510679}.Debug|Any CPU.ActiveCfg = Debug|Any CPU
		{49A00243-11E8-2D1C-63F5-EFCD8F510679}.Debug|Any CPU.Build.0 = Debug|Any CPU
		{49A00243-11E8-2D1C-63F5-EFCD8F510679}.Release|Any CPU.ActiveCfg = Release|Any CPU
		{49A00243-11E8-2D1C-63F5-EFCD8F510679}.Release|Any CPU.Build.0 = Release|Any CPU
		{C92D5338-D264-8513-C3D0-9D26EE11A6D6}.Debug|Any CPU.ActiveCfg = Debug|Any CPU
		{C92D5338-D264-8513-C3D0-9D26EE11A6D6}.Debug|Any CPU.Build.0 = Debug|Any CPU
		{C92D5338-D264-8513-C3D0-9D26EE11A6D6}.Release|Any CPU.ActiveCfg = Release|Any CPU
		{C92D5338-D264-8513-C3D0-9D26EE11A6D6}.Release|Any CPU.Build.0 = Release|Any CPU
		{7D4D7DC9-A01C-9DB3-56EF-4DC9264E22B0}.Debug|Any CPU.ActiveCfg = Debug|Any CPU
		{7D4D7DC9-A01C-9DB3-56EF-4DC9264E22B0}.Debug|Any CPU.Build.0 = Debug|Any CPU
		{7D4D7DC9-A01C-9DB3-56EF-4DC9264E22B0}.Release|Any CPU.ActiveCfg = Release|Any CPU
		{7D4D7DC9-A01C-9DB3-56EF-4DC9264E22B0}.Release|Any CPU.Build.0 = Release|Any CPU
	EndGlobalSection
	GlobalSection(SolutionProperties) = preSolution
		HideSolutionNode = FALSE
	EndGlobalSection
	GlobalSection(MonoDevelopProperties) = preSolution
		StartupItem = Assembly-CSharp.csproj
	EndGlobalSection
EndGlobal
